Microsoft Visual Studio Solution File, Format Version 12.00
# Visual Studio 14
VisualStudioVersion = 14.0.23107.0
MinimumVisualStudioVersion = 10.0.40219.1
Project("{FAE04EC0-301F-11D3-BF4B-00C04F79EFBC}") = "Ecoli.Util", "Ecoli.Util\Ecoli.Util.csproj", "{5E82B984-FE6D-40C2-865C-84205B7AC9B0}"
EndProject
Project("{FAE04EC0-301F-11D3-BF4B-00C04F79EFBC}") = "Ecoli", "Ecoli\Ecoli.csproj", "{E8C9F1F9-DCA6-4C81-B496-1824EC1CDF59}"
EndProject
Project("{FAE04EC0-301F-11D3-BF4B-00C04F79EFBC}") = "Metabol", "Metabol\Metabol.csproj", "{A858B1E3-1ACF-4634-9AA2-76787317C83D}"
EndProject
Project("{FAE04EC0-301F-11D3-BF4B-00C04F79EFBC}") = "Metabol.Api", "Metabol.Api\Metabol.Api.csproj", "{2DE1F7B4-A6B5-494A-97F1-6EA35BDD97B4}"
EndProject
Project("{FAE04EC0-301F-11D3-BF4B-00C04F79EFBC}") = "Metabol.DbModels", "Metabol.DbModels\Metabol.DbModels.csproj", "{AAC07319-DE70-4BA1-B891-469B81C2AF38}"
EndProject
Global
	GlobalSection(SolutionConfigurationPlatforms) = preSolution
		ConsoleDebug|.NET = ConsoleDebug|.NET
		ConsoleDebug|Any CPU = ConsoleDebug|Any CPU
		ConsoleDebug|Mixed Platforms = ConsoleDebug|Mixed Platforms
		ConsoleDebug|x86 = ConsoleDebug|x86
		Debug|.NET = Debug|.NET
		Debug|Any CPU = Debug|Any CPU
		Debug|Mixed Platforms = Debug|Mixed Platforms
		Debug|x86 = Debug|x86
		Quick Debug|.NET = Quick Debug|.NET
		Quick Debug|Any CPU = Quick Debug|Any CPU
		Quick Debug|Mixed Platforms = Quick Debug|Mixed Platforms
		Quick Debug|x86 = Quick Debug|x86
		Release|.NET = Release|.NET
		Release|Any CPU = Release|Any CPU
		Release|Mixed Platforms = Release|Mixed Platforms
		Release|x86 = Release|x86
	EndGlobalSection
	GlobalSection(ProjectConfigurationPlatforms) = postSolution
		{5E82B984-FE6D-40C2-865C-84205B7AC9B0}.ConsoleDebug|.NET.ActiveCfg = Debug|Any CPU
		{5E82B984-FE6D-40C2-865C-84205B7AC9B0}.ConsoleDebug|.NET.Build.0 = Debug|Any CPU
		{5E82B984-FE6D-40C2-865C-84205B7AC9B0}.ConsoleDebug|Any CPU.ActiveCfg = Debug|Any CPU
		{5E82B984-FE6D-40C2-865C-84205B7AC9B0}.ConsoleDebug|Any CPU.Build.0 = Debug|Any CPU
		{5E82B984-FE6D-40C2-865C-84205B7AC9B0}.ConsoleDebug|Mixed Platforms.ActiveCfg = Debug|Any CPU
		{5E82B984-FE6D-40C2-865C-84205B7AC9B0}.ConsoleDebug|Mixed Platforms.Build.0 = Debug|Any CPU
		{5E82B984-FE6D-40C2-865C-84205B7AC9B0}.ConsoleDebug|x86.ActiveCfg = Debug|Any CPU
		{5E82B984-FE6D-40C2-865C-84205B7AC9B0}.ConsoleDebug|x86.Build.0 = Debug|Any CPU
		{5E82B984-FE6D-40C2-865C-84205B7AC9B0}.Debug|.NET.ActiveCfg = Debug|Any CPU
		{5E82B984-FE6D-40C2-865C-84205B7AC9B0}.Debug|.NET.Build.0 = Debug|Any CPU
		{5E82B984-FE6D-40C2-865C-84205B7AC9B0}.Debug|Any CPU.ActiveCfg = Debug|Any CPU
		{5E82B984-FE6D-40C2-865C-84205B7AC9B0}.Debug|Any CPU.Build.0 = Debug|Any CPU
		{5E82B984-FE6D-40C2-865C-84205B7AC9B0}.Debug|Mixed Platforms.ActiveCfg = Debug|Any CPU
		{5E82B984-FE6D-40C2-865C-84205B7AC9B0}.Debug|Mixed Platforms.Build.0 = Debug|Any CPU
		{5E82B984-FE6D-40C2-865C-84205B7AC9B0}.Debug|x86.ActiveCfg = Debug|Any CPU
		{5E82B984-FE6D-40C2-865C-84205B7AC9B0}.Debug|x86.Build.0 = Debug|Any CPU
		{5E82B984-FE6D-40C2-865C-84205B7AC9B0}.Quick Debug|.NET.ActiveCfg = Debug|Any CPU
		{5E82B984-FE6D-40C2-865C-84205B7AC9B0}.Quick Debug|.NET.Build.0 = Debug|Any CPU
		{5E82B984-FE6D-40C2-865C-84205B7AC9B0}.Quick Debug|Any CPU.ActiveCfg = Debug|Any CPU
		{5E82B984-FE6D-40C2-865C-84205B7AC9B0}.Quick Debug|Any CPU.Build.0 = Debug|Any CPU
		{5E82B984-FE6D-40C2-865C-84205B7AC9B0}.Quick Debug|Mixed Platforms.ActiveCfg = Debug|Any CPU
		{5E82B984-FE6D-40C2-865C-84205B7AC9B0}.Quick Debug|Mixed Platforms.Build.0 = Debug|Any CPU
		{5E82B984-FE6D-40C2-865C-84205B7AC9B0}.Quick Debug|x86.ActiveCfg = Debug|Any CPU
		{5E82B984-FE6D-40C2-865C-84205B7AC9B0}.Quick Debug|x86.Build.0 = Debug|Any CPU
		{5E82B984-FE6D-40C2-865C-84205B7AC9B0}.Release|.NET.ActiveCfg = Release|Any CPU
		{5E82B984-FE6D-40C2-865C-84205B7AC9B0}.Release|.NET.Build.0 = Release|Any CPU
		{5E82B984-FE6D-40C2-865C-84205B7AC9B0}.Release|Any CPU.ActiveCfg = Release|Any CPU
		{5E82B984-FE6D-40C2-865C-84205B7AC9B0}.Release|Any CPU.Build.0 = Release|Any CPU
		{5E82B984-FE6D-40C2-865C-84205B7AC9B0}.Release|Mixed Platforms.ActiveCfg = Release|Any CPU
		{5E82B984-FE6D-40C2-865C-84205B7AC9B0}.Release|Mixed Platforms.Build.0 = Release|Any CPU
		{5E82B984-FE6D-40C2-865C-84205B7AC9B0}.Release|x86.ActiveCfg = Release|Any CPU
		{5E82B984-FE6D-40C2-865C-84205B7AC9B0}.Release|x86.Build.0 = Release|Any CPU
		{E8C9F1F9-DCA6-4C81-B496-1824EC1CDF59}.ConsoleDebug|.NET.ActiveCfg = Debug|Any CPU
		{E8C9F1F9-DCA6-4C81-B496-1824EC1CDF59}.ConsoleDebug|.NET.Build.0 = Debug|Any CPU
		{E8C9F1F9-DCA6-4C81-B496-1824EC1CDF59}.ConsoleDebug|Any CPU.ActiveCfg = Debug|Any CPU
		{E8C9F1F9-DCA6-4C81-B496-1824EC1CDF59}.ConsoleDebug|Any CPU.Build.0 = Debug|Any CPU
		{E8C9F1F9-DCA6-4C81-B496-1824EC1CDF59}.ConsoleDebug|Mixed Platforms.ActiveCfg = Debug|Any CPU
		{E8C9F1F9-DCA6-4C81-B496-1824EC1CDF59}.ConsoleDebug|Mixed Platforms.Build.0 = Debug|Any CPU
		{E8C9F1F9-DCA6-4C81-B496-1824EC1CDF59}.ConsoleDebug|x86.ActiveCfg = Debug|Any CPU
		{E8C9F1F9-DCA6-4C81-B496-1824EC1CDF59}.ConsoleDebug|x86.Build.0 = Debug|Any CPU
		{E8C9F1F9-DCA6-4C81-B496-1824EC1CDF59}.Debug|.NET.ActiveCfg = Debug|Any CPU
		{E8C9F1F9-DCA6-4C81-B496-1824EC1CDF59}.Debug|.NET.Build.0 = Debug|Any CPU
		{E8C9F1F9-DCA6-4C81-B496-1824EC1CDF59}.Debug|Any CPU.ActiveCfg = Debug|Any CPU
		{E8C9F1F9-DCA6-4C81-B496-1824EC1CDF59}.Debug|Any CPU.Build.0 = Debug|Any CPU
		{E8C9F1F9-DCA6-4C81-B496-1824EC1CDF59}.Debug|Mixed Platforms.ActiveCfg = Debug|Any CPU
		{E8C9F1F9-DCA6-4C81-B496-1824EC1CDF59}.Debug|Mixed Platforms.Build.0 = Debug|Any CPU
		{E8C9F1F9-DCA6-4C81-B496-1824EC1CDF59}.Debug|x86.ActiveCfg = Debug|Any CPU
		{E8C9F1F9-DCA6-4C81-B496-1824EC1CDF59}.Debug|x86.Build.0 = Debug|Any CPU
		{E8C9F1F9-DCA6-4C81-B496-1824EC1CDF59}.Quick Debug|.NET.ActiveCfg = Debug|Any CPU
		{E8C9F1F9-DCA6-4C81-B496-1824EC1CDF59}.Quick Debug|.NET.Build.0 = Debug|Any CPU
		{E8C9F1F9-DCA6-4C81-B496-1824EC1CDF59}.Quick Debug|Any CPU.ActiveCfg = Debug|Any CPU
		{E8C9F1F9-DCA6-4C81-B496-1824EC1CDF59}.Quick Debug|Any CPU.Build.0 = Debug|Any CPU
		{E8C9F1F9-DCA6-4C81-B496-1824EC1CDF59}.Quick Debug|Mixed Platforms.ActiveCfg = Debug|Any CPU
		{E8C9F1F9-DCA6-4C81-B496-1824EC1CDF59}.Quick Debug|Mixed Platforms.Build.0 = Debug|Any CPU
		{E8C9F1F9-DCA6-4C81-B496-1824EC1CDF59}.Quick Debug|x86.ActiveCfg = Debug|Any CPU
		{E8C9F1F9-DCA6-4C81-B496-1824EC1CDF59}.Quick Debug|x86.Build.0 = Debug|Any CPU
		{E8C9F1F9-DCA6-4C81-B496-1824EC1CDF59}.Release|.NET.ActiveCfg = Release|Any CPU
		{E8C9F1F9-DCA6-4C81-B496-1824EC1CDF59}.Release|.NET.Build.0 = Release|Any CPU
		{E8C9F1F9-DCA6-4C81-B496-1824EC1CDF59}.Release|Any CPU.ActiveCfg = Release|Any CPU
		{E8C9F1F9-DCA6-4C81-B496-1824EC1CDF59}.Release|Any CPU.Build.0 = Release|Any CPU
		{E8C9F1F9-DCA6-4C81-B496-1824EC1CDF59}.Release|Mixed Platforms.ActiveCfg = Release|Any CPU
		{E8C9F1F9-DCA6-4C81-B496-1824EC1CDF59}.Release|Mixed Platforms.Build.0 = Release|Any CPU
		{E8C9F1F9-DCA6-4C81-B496-1824EC1CDF59}.Release|x86.ActiveCfg = Release|Any CPU
		{E8C9F1F9-DCA6-4C81-B496-1824EC1CDF59}.Release|x86.Build.0 = Release|Any CPU
		{A858B1E3-1ACF-4634-9AA2-76787317C83D}.ConsoleDebug|.NET.ActiveCfg = Debug|Any CPU
		{A858B1E3-1ACF-4634-9AA2-76787317C83D}.ConsoleDebug|.NET.Build.0 = Debug|Any CPU
		{A858B1E3-1ACF-4634-9AA2-76787317C83D}.ConsoleDebug|Any CPU.ActiveCfg = Debug|Any CPU
		{A858B1E3-1ACF-4634-9AA2-76787317C83D}.ConsoleDebug|Any CPU.Build.0 = Debug|Any CPU
		{A858B1E3-1ACF-4634-9AA2-76787317C83D}.ConsoleDebug|Mixed Platforms.ActiveCfg = Debug|Any CPU
		{A858B1E3-1ACF-4634-9AA2-76787317C83D}.ConsoleDebug|Mixed Platforms.Build.0 = Debug|Any CPU
		{A858B1E3-1ACF-4634-9AA2-76787317C83D}.ConsoleDebug|x86.ActiveCfg = Debug|Any CPU
		{A858B1E3-1ACF-4634-9AA2-76787317C83D}.ConsoleDebug|x86.Build.0 = Debug|Any CPU
		{A858B1E3-1ACF-4634-9AA2-76787317C83D}.Debug|.NET.ActiveCfg = Debug|Any CPU
		{A858B1E3-1ACF-4634-9AA2-76787317C83D}.Debug|.NET.Build.0 = Debug|Any CPU
		{A858B1E3-1ACF-4634-9AA2-76787317C83D}.Debug|Any CPU.ActiveCfg = Debug|Any CPU
		{A858B1E3-1ACF-4634-9AA2-76787317C83D}.Debug|Any CPU.Build.0 = Debug|Any CPU
		{A858B1E3-1ACF-4634-9AA2-76787317C83D}.Debug|Mixed Platforms.ActiveCfg = Debug|Any CPU
		{A858B1E3-1ACF-4634-9AA2-76787317C83D}.Debug|Mixed Platforms.Build.0 = Debug|Any CPU
		{A858B1E3-1ACF-4634-9AA2-76787317C83D}.Debug|x86.ActiveCfg = Debug|Any CPU
		{A858B1E3-1ACF-4634-9AA2-76787317C83D}.Debug|x86.Build.0 = Debug|Any CPU
		{A858B1E3-1ACF-4634-9AA2-76787317C83D}.Quick Debug|.NET.ActiveCfg = Debug|Any CPU
		{A858B1E3-1ACF-4634-9AA2-76787317C83D}.Quick Debug|.NET.Build.0 = Debug|Any CPU
		{A858B1E3-1ACF-4634-9AA2-76787317C83D}.Quick Debug|Any CPU.ActiveCfg = Debug|Any CPU
		{A858B1E3-1ACF-4634-9AA2-76787317C83D}.Quick Debug|Any CPU.Build.0 = Debug|Any CPU
		{A858B1E3-1ACF-4634-9AA2-76787317C83D}.Quick Debug|Mixed Platforms.ActiveCfg = Debug|Any CPU
		{A858B1E3-1ACF-4634-9AA2-76787317C83D}.Quick Debug|Mixed Platforms.Build.0 = Debug|Any CPU
		{A858B1E3-1ACF-4634-9AA2-76787317C83D}.Quick Debug|x86.ActiveCfg = Debug|Any CPU
		{A858B1E3-1ACF-4634-9AA2-76787317C83D}.Quick Debug|x86.Build.0 = Debug|Any CPU
		{A858B1E3-1ACF-4634-9AA2-76787317C83D}.Release|.NET.ActiveCfg = Release|Any CPU
		{A858B1E3-1ACF-4634-9AA2-76787317C83D}.Release|.NET.Build.0 = Release|Any CPU
		{A858B1E3-1ACF-4634-9AA2-76787317C83D}.Release|Any CPU.ActiveCfg = Release|Any CPU
		{A858B1E3-1ACF-4634-9AA2-76787317C83D}.Release|Any CPU.Build.0 = Release|Any CPU
		{A858B1E3-1ACF-4634-9AA2-76787317C83D}.Release|Mixed Platforms.ActiveCfg = Release|Any CPU
		{A858B1E3-1ACF-4634-9AA2-76787317C83D}.Release|Mixed Platforms.Build.0 = Release|Any CPU
		{A858B1E3-1ACF-4634-9AA2-76787317C83D}.Release|x86.ActiveCfg = Release|Any CPU
		{A858B1E3-1ACF-4634-9AA2-76787317C83D}.Release|x86.Build.0 = Release|Any CPU
		{2DE1F7B4-A6B5-494A-97F1-6EA35BDD97B4}.ConsoleDebug|.NET.ActiveCfg = Debug|Any CPU
		{2DE1F7B4-A6B5-494A-97F1-6EA35BDD97B4}.ConsoleDebug|.NET.Build.0 = Debug|Any CPU
		{2DE1F7B4-A6B5-494A-97F1-6EA35BDD97B4}.ConsoleDebug|Any CPU.ActiveCfg = Debug|Any CPU
		{2DE1F7B4-A6B5-494A-97F1-6EA35BDD97B4}.ConsoleDebug|Any CPU.Build.0 = Debug|Any CPU
		{2DE1F7B4-A6B5-494A-97F1-6EA35BDD97B4}.ConsoleDebug|Mixed Platforms.ActiveCfg = Debug|Any CPU
		{2DE1F7B4-A6B5-494A-97F1-6EA35BDD97B4}.ConsoleDebug|Mixed Platforms.Build.0 = Debug|Any CPU
		{2DE1F7B4-A6B5-494A-97F1-6EA35BDD97B4}.ConsoleDebug|x86.ActiveCfg = Debug|Any CPU
		{2DE1F7B4-A6B5-494A-97F1-6EA35BDD97B4}.ConsoleDebug|x86.Build.0 = Debug|Any CPU
		{2DE1F7B4-A6B5-494A-97F1-6EA35BDD97B4}.Debug|.NET.ActiveCfg = Debug|Any CPU
		{2DE1F7B4-A6B5-494A-97F1-6EA35BDD97B4}.Debug|.NET.Build.0 = Debug|Any CPU
		{2DE1F7B4-A6B5-494A-97F1-6EA35BDD97B4}.Debug|Any CPU.ActiveCfg = Debug|Any CPU
		{2DE1F7B4-A6B5-494A-97F1-6EA35BDD97B4}.Debug|Any CPU.Build.0 = Debug|Any CPU
		{2DE1F7B4-A6B5-494A-97F1-6EA35BDD97B4}.Debug|Mixed Platforms.ActiveCfg = Debug|Any CPU
		{2DE1F7B4-A6B5-494A-97F1-6EA35BDD97B4}.Debug|Mixed Platforms.Build.0 = Debug|Any CPU
		{2DE1F7B4-A6B5-494A-97F1-6EA35BDD97B4}.Debug|x86.ActiveCfg = Debug|Any CPU
		{2DE1F7B4-A6B5-494A-97F1-6EA35BDD97B4}.Debug|x86.Build.0 = Debug|Any CPU
		{2DE1F7B4-A6B5-494A-97F1-6EA35BDD97B4}.Quick Debug|.NET.ActiveCfg = Debug|Any CPU
		{2DE1F7B4-A6B5-494A-97F1-6EA35BDD97B4}.Quick Debug|.NET.Build.0 = Debug|Any CPU
		{2DE1F7B4-A6B5-494A-97F1-6EA35BDD97B4}.Quick Debug|Any CPU.ActiveCfg = Debug|Any CPU
		{2DE1F7B4-A6B5-494A-97F1-6EA35BDD97B4}.Quick Debug|Any CPU.Build.0 = Debug|Any CPU
		{2DE1F7B4-A6B5-494A-97F1-6EA35BDD97B4}.Quick Debug|Mixed Platforms.ActiveCfg = Debug|Any CPU
		{2DE1F7B4-A6B5-494A-97F1-6EA35BDD97B4}.Quick Debug|Mixed Platforms.Build.0 = Debug|Any CPU
		{2DE1F7B4-A6B5-494A-97F1-6EA35BDD97B4}.Quick Debug|x86.ActiveCfg = Debug|Any CPU
		{2DE1F7B4-A6B5-494A-97F1-6EA35BDD97B4}.Quick Debug|x86.Build.0 = Debug|Any CPU
		{2DE1F7B4-A6B5-494A-97F1-6EA35BDD97B4}.Release|.NET.ActiveCfg = Release|Any CPU
		{2DE1F7B4-A6B5-494A-97F1-6EA35BDD97B4}.Release|.NET.Build.0 = Release|Any CPU
		{2DE1F7B4-A6B5-494A-97F1-6EA35BDD97B4}.Release|Any CPU.ActiveCfg = Release|Any CPU
		{2DE1F7B4-A6B5-494A-97F1-6EA35BDD97B4}.Release|Any CPU.Build.0 = Release|Any CPU
		{2DE1F7B4-A6B5-494A-97F1-6EA35BDD97B4}.Release|Mixed Platforms.ActiveCfg = Release|Any CPU
		{2DE1F7B4-A6B5-494A-97F1-6EA35BDD97B4}.Release|Mixed Platforms.Build.0 = Release|Any CPU
		{2DE1F7B4-A6B5-494A-97F1-6EA35BDD97B4}.Release|x86.ActiveCfg = Release|Any CPU
		{2DE1F7B4-A6B5-494A-97F1-6EA35BDD97B4}.Release|x86.Build.0 = Release|Any CPU
		{AAC07319-DE70-4BA1-B891-469B81C2AF38}.ConsoleDebug|.NET.ActiveCfg = Debug|Any CPU
		{AAC07319-DE70-4BA1-B891-469B81C2AF38}.ConsoleDebug|.NET.Build.0 = Debug|Any CPU
		{AAC07319-DE70-4BA1-B891-469B81C2AF38}.ConsoleDebug|Any CPU.ActiveCfg = Debug|Any CPU
		{AAC07319-DE70-4BA1-B891-469B81C2AF38}.ConsoleDebug|Any CPU.Build.0 = Debug|Any CPU
		{AAC07319-DE70-4BA1-B891-469B81C2AF38}.ConsoleDebug|Mixed Platforms.ActiveCfg = Debug|Any CPU
		{AAC07319-DE70-4BA1-B891-469B81C2AF38}.ConsoleDebug|Mixed Platforms.Build.0 = Debug|Any CPU
		{AAC07319-DE70-4BA1-B891-469B81C2AF38}.ConsoleDebug|x86.ActiveCfg = Debug|Any CPU
		{AAC07319-DE70-4BA1-B891-469B81C2AF38}.ConsoleDebug|x86.Build.0 = Debug|Any CPU
		{AAC07319-DE70-4BA1-B891-469B81C2AF38}.Debug|.NET.ActiveCfg = Debug|Any CPU
		{AAC07319-DE70-4BA1-B891-469B81C2AF38}.Debug|.NET.Build.0 = Debug|Any CPU
		{AAC07319-DE70-4BA1-B891-469B81C2AF38}.Debug|Any CPU.ActiveCfg = Debug|Any CPU
		{AAC07319-DE70-4BA1-B891-469B81C2AF38}.Debug|Any CPU.Build.0 = Debug|Any CPU
		{AAC07319-DE70-4BA1-B891-469B81C2AF38}.Debug|Mixed Platforms.ActiveCfg = Debug|Any CPU
		{AAC07319-DE70-4BA1-B891-469B81C2AF38}.Debug|Mixed Platforms.Build.0 = Debug|Any CPU
		{AAC07319-DE70-4BA1-B891-469B81C2AF38}.Debug|x86.ActiveCfg = Debug|Any CPU
		{AAC07319-DE70-4BA1-B891-469B81C2AF38}.Debug|x86.Build.0 = Debug|Any CPU
		{AAC07319-DE70-4BA1-B891-469B81C2AF38}.Quick Debug|.NET.ActiveCfg = Debug|Any CPU
		{AAC07319-DE70-4BA1-B891-469B81C2AF38}.Quick Debug|.NET.Build.0 = Debug|Any CPU
		{AAC07319-DE70-4BA1-B891-469B81C2AF38}.Quick Debug|Any CPU.ActiveCfg = Debug|Any CPU
		{AAC07319-DE70-4BA1-B891-469B81C2AF38}.Quick Debug|Any CPU.Build.0 = Debug|Any CPU
		{AAC07319-DE70-4BA1-B891-469B81C2AF38}.Quick Debug|Mixed Platforms.ActiveCfg = Debug|Any CPU
		{AAC07319-DE70-4BA1-B891-469B81C2AF38}.Quick Debug|Mixed Platforms.Build.0 = Debug|Any CPU
		{AAC07319-DE70-4BA1-B891-469B81C2AF38}.Quick Debug|x86.ActiveCfg = Debug|Any CPU
		{AAC07319-DE70-4BA1-B891-469B81C2AF38}.Quick Debug|x86.Build.0 = Debug|Any CPU
		{AAC07319-DE70-4BA1-B891-469B81C2AF38}.Release|.NET.ActiveCfg = Release|Any CPU
		{AAC07319-DE70-4BA1-B891-469B81C2AF38}.Release|.NET.Build.0 = Release|Any CPU
		{AAC07319-DE70-4BA1-B891-469B81C2AF38}.Release|Any CPU.ActiveCfg = Release|Any CPU
		{AAC07319-DE70-4BA1-B891-469B81C2AF38}.Release|Any CPU.Build.0 = Release|Any CPU
		{AAC07319-DE70-4BA1-B891-469B81C2AF38}.Release|Mixed Platforms.ActiveCfg = Release|Any CPU
		{AAC07319-DE70-4BA1-B891-469B81C2AF38}.Release|Mixed Platforms.Build.0 = Release|Any CPU
		{AAC07319-DE70-4BA1-B891-469B81C2AF38}.Release|x86.ActiveCfg = Release|Any CPU
		{AAC07319-DE70-4BA1-B891-469B81C2AF38}.Release|x86.Build.0 = Release|Any CPU
	EndGlobalSection
	GlobalSection(SolutionProperties) = preSolution
		HideSolutionNode = FALSE
	EndGlobalSection
EndGlobal
