Microsoft Visual Studio Solution File, Format Version 12.00
# Visual Studio 14
VisualStudioVersion = 14.0.23107.0
# Visual Studio 2013
VisualStudioVersion = 12.0.40629.0
MinimumVisualStudioVersion = 10.0.40219.1
Project("{FAE04EC0-301F-11D3-BF4B-00C04F79EFBC}") = "PathwaysLib", "PathwaysLib\PathwaysLib.csproj", "{6D8FA5FC-7DFA-44DF-B6D8-D2558422D40E}"
EndProject
Project("{FAE04EC0-301F-11D3-BF4B-00C04F79EFBC}") = "MasterPagesLib", "MasterPagesLib\MasterPagesLib.csproj", "{938CCC15-D4D0-494C-B87F-EDEBE9B62C3C}"
EndProject
Project("{FAE04EC0-301F-11D3-BF4B-00C04F79EFBC}") = "PathQueryLib", "PathQueryLib\PathQueryLib.csproj", "{C8633860-319B-4310-B72A-B3F18DDB0C98}"
EndProject
Project("{FAE04EC0-301F-11D3-BF4B-00C04F79EFBC}") = "SBWModelParser", "SBWModelParser\SBWModelParser\SBWModelParser.csproj", "{13953B3B-8155-4FAC-BC25-CC389164420A}"
EndProject
Project("{FAE04EC0-301F-11D3-BF4B-00C04F79EFBC}") = "SBMLParser", "SBMLParser\SBMLParser.csproj", "{473F0174-B77C-4FF5-8765-71779B550EB6}"
EndProject
Project("{FAE04EC0-301F-11D3-BF4B-00C04F79EFBC}") = "Metabol", "Metabol\Metabol.csproj", "{A858B1E3-1ACF-4634-9AA2-76787317C83D}"
EndProject
Project("{FAE04EC0-301F-11D3-BF4B-00C04F79EFBC}") = "MetabolApi", "MetabolApi\MetabolApi.csproj", "{7A24C211-7B8F-4EED-BBD2-6FE0FD3E4104}"
EndProject
Project("{FAE04EC0-301F-11D3-BF4B-00C04F79EFBC}") = "AQILib", "AQILib\AQILib.csproj", "{8B313230-E94D-42F0-ADB1-F3060E00B9D7}"
EndProject
Project("{FAE04EC0-301F-11D3-BF4B-00C04F79EFBC}") = "CyclesCacher", "CyclesCacher\CyclesCacher.csproj", "{AAC07319-DE70-4BA1-B891-469B81C2AF38}"
	ProjectSection(ProjectDependencies) = postProject
		{A858B1E3-1ACF-4634-9AA2-76787317C83D} = {A858B1E3-1ACF-4634-9AA2-76787317C83D}
	EndProjectSection
EndProject
Global
	GlobalSection(SolutionConfigurationPlatforms) = preSolution
		ConsoleDebug|.NET = ConsoleDebug|.NET
		ConsoleDebug|Any CPU = ConsoleDebug|Any CPU
		ConsoleDebug|Mixed Platforms = ConsoleDebug|Mixed Platforms
		ConsoleDebug|x86 = ConsoleDebug|x86
		Debug|.NET = Debug|.NET
		Debug|Any CPU = Debug|Any CPU
		Debug|Mixed Platforms = Debug|Mixed Platforms
		Debug|x86 = Debug|x86
		Quick Debug|.NET = Quick Debug|.NET
		Quick Debug|Any CPU = Quick Debug|Any CPU
		Quick Debug|Mixed Platforms = Quick Debug|Mixed Platforms
		Quick Debug|x86 = Quick Debug|x86
		Release|.NET = Release|.NET
		Release|Any CPU = Release|Any CPU
		Release|Mixed Platforms = Release|Mixed Platforms
		Release|x86 = Release|x86
	EndGlobalSection
	GlobalSection(ProjectConfigurationPlatforms) = postSolution
		{6D8FA5FC-7DFA-44DF-B6D8-D2558422D40E}.ConsoleDebug|.NET.ActiveCfg = Debug|Any CPU
		{6D8FA5FC-7DFA-44DF-B6D8-D2558422D40E}.ConsoleDebug|.NET.Build.0 = Debug|Any CPU
		{6D8FA5FC-7DFA-44DF-B6D8-D2558422D40E}.ConsoleDebug|Any CPU.ActiveCfg = Debug|Any CPU
		{6D8FA5FC-7DFA-44DF-B6D8-D2558422D40E}.ConsoleDebug|Any CPU.Build.0 = Debug|Any CPU
		{6D8FA5FC-7DFA-44DF-B6D8-D2558422D40E}.ConsoleDebug|Mixed Platforms.ActiveCfg = Debug|x86
		{6D8FA5FC-7DFA-44DF-B6D8-D2558422D40E}.ConsoleDebug|Mixed Platforms.Build.0 = Debug|x86
		{6D8FA5FC-7DFA-44DF-B6D8-D2558422D40E}.ConsoleDebug|x86.ActiveCfg = Debug|x86
		{6D8FA5FC-7DFA-44DF-B6D8-D2558422D40E}.ConsoleDebug|x86.Build.0 = Debug|x86
		{6D8FA5FC-7DFA-44DF-B6D8-D2558422D40E}.Debug|.NET.ActiveCfg = Debug|Any CPU
		{6D8FA5FC-7DFA-44DF-B6D8-D2558422D40E}.Debug|Any CPU.ActiveCfg = Debug|Any CPU
		{6D8FA5FC-7DFA-44DF-B6D8-D2558422D40E}.Debug|Any CPU.Build.0 = Debug|Any CPU
		{6D8FA5FC-7DFA-44DF-B6D8-D2558422D40E}.Debug|Mixed Platforms.ActiveCfg = Debug|Any CPU
		{6D8FA5FC-7DFA-44DF-B6D8-D2558422D40E}.Debug|Mixed Platforms.Build.0 = Debug|Any CPU
		{6D8FA5FC-7DFA-44DF-B6D8-D2558422D40E}.Debug|x86.ActiveCfg = Debug|x86
		{6D8FA5FC-7DFA-44DF-B6D8-D2558422D40E}.Debug|x86.Build.0 = Debug|x86
		{6D8FA5FC-7DFA-44DF-B6D8-D2558422D40E}.Quick Debug|.NET.ActiveCfg = Quick Debug|Any CPU
		{6D8FA5FC-7DFA-44DF-B6D8-D2558422D40E}.Quick Debug|Any CPU.ActiveCfg = Quick Debug|Any CPU
		{6D8FA5FC-7DFA-44DF-B6D8-D2558422D40E}.Quick Debug|Any CPU.Build.0 = Quick Debug|Any CPU
		{6D8FA5FC-7DFA-44DF-B6D8-D2558422D40E}.Quick Debug|Mixed Platforms.ActiveCfg = Quick Debug|Any CPU
		{6D8FA5FC-7DFA-44DF-B6D8-D2558422D40E}.Quick Debug|x86.ActiveCfg = Quick Debug|x86
		{6D8FA5FC-7DFA-44DF-B6D8-D2558422D40E}.Quick Debug|x86.Build.0 = Quick Debug|x86
		{6D8FA5FC-7DFA-44DF-B6D8-D2558422D40E}.Release|.NET.ActiveCfg = Release|Any CPU
		{6D8FA5FC-7DFA-44DF-B6D8-D2558422D40E}.Release|Any CPU.ActiveCfg = Debug|Any CPU
		{6D8FA5FC-7DFA-44DF-B6D8-D2558422D40E}.Release|Any CPU.Build.0 = Debug|Any CPU
		{6D8FA5FC-7DFA-44DF-B6D8-D2558422D40E}.Release|Mixed Platforms.ActiveCfg = Release|Any CPU
		{6D8FA5FC-7DFA-44DF-B6D8-D2558422D40E}.Release|Mixed Platforms.Build.0 = Release|Any CPU
		{6D8FA5FC-7DFA-44DF-B6D8-D2558422D40E}.Release|x86.ActiveCfg = Release|x86
		{6D8FA5FC-7DFA-44DF-B6D8-D2558422D40E}.Release|x86.Build.0 = Release|x86
		{938CCC15-D4D0-494C-B87F-EDEBE9B62C3C}.ConsoleDebug|.NET.ActiveCfg = Debug|Any CPU
		{938CCC15-D4D0-494C-B87F-EDEBE9B62C3C}.ConsoleDebug|.NET.Build.0 = Debug|Any CPU
		{938CCC15-D4D0-494C-B87F-EDEBE9B62C3C}.ConsoleDebug|Any CPU.ActiveCfg = Debug|Any CPU
		{938CCC15-D4D0-494C-B87F-EDEBE9B62C3C}.ConsoleDebug|Any CPU.Build.0 = Debug|Any CPU
		{938CCC15-D4D0-494C-B87F-EDEBE9B62C3C}.ConsoleDebug|Mixed Platforms.ActiveCfg = Debug|x86
		{938CCC15-D4D0-494C-B87F-EDEBE9B62C3C}.ConsoleDebug|Mixed Platforms.Build.0 = Debug|x86
		{938CCC15-D4D0-494C-B87F-EDEBE9B62C3C}.ConsoleDebug|x86.ActiveCfg = Debug|x86
		{938CCC15-D4D0-494C-B87F-EDEBE9B62C3C}.ConsoleDebug|x86.Build.0 = Debug|x86
		{938CCC15-D4D0-494C-B87F-EDEBE9B62C3C}.Debug|.NET.ActiveCfg = Debug|Any CPU
		{938CCC15-D4D0-494C-B87F-EDEBE9B62C3C}.Debug|Any CPU.ActiveCfg = Debug|Any CPU
		{938CCC15-D4D0-494C-B87F-EDEBE9B62C3C}.Debug|Any CPU.Build.0 = Debug|Any CPU
		{938CCC15-D4D0-494C-B87F-EDEBE9B62C3C}.Debug|Mixed Platforms.ActiveCfg = Debug|Any CPU
		{938CCC15-D4D0-494C-B87F-EDEBE9B62C3C}.Debug|Mixed Platforms.Build.0 = Debug|Any CPU
		{938CCC15-D4D0-494C-B87F-EDEBE9B62C3C}.Debug|x86.ActiveCfg = Debug|x86
		{938CCC15-D4D0-494C-B87F-EDEBE9B62C3C}.Debug|x86.Build.0 = Debug|x86
		{938CCC15-D4D0-494C-B87F-EDEBE9B62C3C}.Quick Debug|.NET.ActiveCfg = Quick Debug|Any CPU
		{938CCC15-D4D0-494C-B87F-EDEBE9B62C3C}.Quick Debug|Any CPU.ActiveCfg = Quick Debug|Any CPU
		{938CCC15-D4D0-494C-B87F-EDEBE9B62C3C}.Quick Debug|Any CPU.Build.0 = Quick Debug|Any CPU
		{938CCC15-D4D0-494C-B87F-EDEBE9B62C3C}.Quick Debug|Mixed Platforms.ActiveCfg = Quick Debug|Any CPU
		{938CCC15-D4D0-494C-B87F-EDEBE9B62C3C}.Quick Debug|x86.ActiveCfg = Quick Debug|x86
		{938CCC15-D4D0-494C-B87F-EDEBE9B62C3C}.Quick Debug|x86.Build.0 = Quick Debug|x86
		{938CCC15-D4D0-494C-B87F-EDEBE9B62C3C}.Release|.NET.ActiveCfg = Release|Any CPU
		{938CCC15-D4D0-494C-B87F-EDEBE9B62C3C}.Release|Any CPU.ActiveCfg = Debug|Any CPU
		{938CCC15-D4D0-494C-B87F-EDEBE9B62C3C}.Release|Any CPU.Build.0 = Debug|Any CPU
		{938CCC15-D4D0-494C-B87F-EDEBE9B62C3C}.Release|Mixed Platforms.ActiveCfg = Release|Any CPU
		{938CCC15-D4D0-494C-B87F-EDEBE9B62C3C}.Release|x86.ActiveCfg = Release|x86
		{938CCC15-D4D0-494C-B87F-EDEBE9B62C3C}.Release|x86.Build.0 = Release|x86
		{C8633860-319B-4310-B72A-B3F18DDB0C98}.ConsoleDebug|.NET.ActiveCfg = Debug|Any CPU
		{C8633860-319B-4310-B72A-B3F18DDB0C98}.ConsoleDebug|.NET.Build.0 = Debug|Any CPU
		{C8633860-319B-4310-B72A-B3F18DDB0C98}.ConsoleDebug|Any CPU.ActiveCfg = Debug|Any CPU
		{C8633860-319B-4310-B72A-B3F18DDB0C98}.ConsoleDebug|Any CPU.Build.0 = Debug|Any CPU
		{C8633860-319B-4310-B72A-B3F18DDB0C98}.ConsoleDebug|Mixed Platforms.ActiveCfg = Debug|Any CPU
		{C8633860-319B-4310-B72A-B3F18DDB0C98}.ConsoleDebug|Mixed Platforms.Build.0 = Debug|Any CPU
		{C8633860-319B-4310-B72A-B3F18DDB0C98}.ConsoleDebug|x86.ActiveCfg = Debug|Any CPU
		{C8633860-319B-4310-B72A-B3F18DDB0C98}.ConsoleDebug|x86.Build.0 = Debug|Any CPU
		{C8633860-319B-4310-B72A-B3F18DDB0C98}.Debug|.NET.ActiveCfg = Debug|Any CPU
		{C8633860-319B-4310-B72A-B3F18DDB0C98}.Debug|Any CPU.ActiveCfg = Debug|Any CPU
		{C8633860-319B-4310-B72A-B3F18DDB0C98}.Debug|Any CPU.Build.0 = Debug|Any CPU
		{C8633860-319B-4310-B72A-B3F18DDB0C98}.Debug|Mixed Platforms.ActiveCfg = Debug|Any CPU
		{C8633860-319B-4310-B72A-B3F18DDB0C98}.Debug|Mixed Platforms.Build.0 = Debug|Any CPU
		{C8633860-319B-4310-B72A-B3F18DDB0C98}.Debug|x86.ActiveCfg = Debug|Any CPU
		{C8633860-319B-4310-B72A-B3F18DDB0C98}.Quick Debug|.NET.ActiveCfg = Debug|Any CPU
		{C8633860-319B-4310-B72A-B3F18DDB0C98}.Quick Debug|Any CPU.ActiveCfg = Debug|Any CPU
		{C8633860-319B-4310-B72A-B3F18DDB0C98}.Quick Debug|Any CPU.Build.0 = Debug|Any CPU
		{C8633860-319B-4310-B72A-B3F18DDB0C98}.Quick Debug|Mixed Platforms.ActiveCfg = Debug|Any CPU
		{C8633860-319B-4310-B72A-B3F18DDB0C98}.Quick Debug|Mixed Platforms.Build.0 = Debug|Any CPU
		{C8633860-319B-4310-B72A-B3F18DDB0C98}.Quick Debug|x86.ActiveCfg = Debug|Any CPU
		{C8633860-319B-4310-B72A-B3F18DDB0C98}.Release|.NET.ActiveCfg = Release|Any CPU
		{C8633860-319B-4310-B72A-B3F18DDB0C98}.Release|Any CPU.ActiveCfg = Release|Any CPU
		{C8633860-319B-4310-B72A-B3F18DDB0C98}.Release|Any CPU.Build.0 = Release|Any CPU
		{C8633860-319B-4310-B72A-B3F18DDB0C98}.Release|Mixed Platforms.ActiveCfg = Release|Any CPU
		{C8633860-319B-4310-B72A-B3F18DDB0C98}.Release|x86.ActiveCfg = Release|Any CPU
		{13953B3B-8155-4FAC-BC25-CC389164420A}.ConsoleDebug|.NET.ActiveCfg = Release|x86
		{13953B3B-8155-4FAC-BC25-CC389164420A}.ConsoleDebug|.NET.Build.0 = Release|x86
		{13953B3B-8155-4FAC-BC25-CC389164420A}.ConsoleDebug|Any CPU.ActiveCfg = Release|x86
		{13953B3B-8155-4FAC-BC25-CC389164420A}.ConsoleDebug|Any CPU.Build.0 = Release|x86
		{13953B3B-8155-4FAC-BC25-CC389164420A}.ConsoleDebug|Mixed Platforms.ActiveCfg = Debug|x86
		{13953B3B-8155-4FAC-BC25-CC389164420A}.ConsoleDebug|Mixed Platforms.Build.0 = Debug|x86
		{13953B3B-8155-4FAC-BC25-CC389164420A}.ConsoleDebug|x86.ActiveCfg = Debug|x86
		{13953B3B-8155-4FAC-BC25-CC389164420A}.ConsoleDebug|x86.Build.0 = Debug|x86
		{13953B3B-8155-4FAC-BC25-CC389164420A}.Debug|.NET.ActiveCfg = Debug|x86
		{13953B3B-8155-4FAC-BC25-CC389164420A}.Debug|Any CPU.ActiveCfg = Debug|x86
		{13953B3B-8155-4FAC-BC25-CC389164420A}.Debug|Mixed Platforms.ActiveCfg = Debug|x86
		{13953B3B-8155-4FAC-BC25-CC389164420A}.Debug|Mixed Platforms.Build.0 = Debug|x86
		{13953B3B-8155-4FAC-BC25-CC389164420A}.Debug|x86.ActiveCfg = Debug|x86
		{13953B3B-8155-4FAC-BC25-CC389164420A}.Debug|x86.Build.0 = Debug|x86
		{13953B3B-8155-4FAC-BC25-CC389164420A}.Quick Debug|.NET.ActiveCfg = Debug|x86
		{13953B3B-8155-4FAC-BC25-CC389164420A}.Quick Debug|Any CPU.ActiveCfg = Debug|x86
		{13953B3B-8155-4FAC-BC25-CC389164420A}.Quick Debug|Mixed Platforms.ActiveCfg = Debug|x86
		{13953B3B-8155-4FAC-BC25-CC389164420A}.Quick Debug|Mixed Platforms.Build.0 = Debug|x86
		{13953B3B-8155-4FAC-BC25-CC389164420A}.Quick Debug|x86.ActiveCfg = Debug|x86
		{13953B3B-8155-4FAC-BC25-CC389164420A}.Quick Debug|x86.Build.0 = Debug|x86
		{13953B3B-8155-4FAC-BC25-CC389164420A}.Release|.NET.ActiveCfg = Release|x86
		{13953B3B-8155-4FAC-BC25-CC389164420A}.Release|Any CPU.ActiveCfg = Release|x86
		{13953B3B-8155-4FAC-BC25-CC389164420A}.Release|Mixed Platforms.ActiveCfg = Release|x86
		{13953B3B-8155-4FAC-BC25-CC389164420A}.Release|Mixed Platforms.Build.0 = Release|x86
		{13953B3B-8155-4FAC-BC25-CC389164420A}.Release|x86.ActiveCfg = Release|x86
		{13953B3B-8155-4FAC-BC25-CC389164420A}.Release|x86.Build.0 = Release|x86
		{473F0174-B77C-4FF5-8765-71779B550EB6}.ConsoleDebug|.NET.ActiveCfg = Debug|Any CPU
		{473F0174-B77C-4FF5-8765-71779B550EB6}.ConsoleDebug|.NET.Build.0 = Debug|Any CPU
		{473F0174-B77C-4FF5-8765-71779B550EB6}.ConsoleDebug|Any CPU.ActiveCfg = Debug|Any CPU
		{473F0174-B77C-4FF5-8765-71779B550EB6}.ConsoleDebug|Any CPU.Build.0 = Debug|Any CPU
		{473F0174-B77C-4FF5-8765-71779B550EB6}.ConsoleDebug|Mixed Platforms.ActiveCfg = Debug|Any CPU
		{473F0174-B77C-4FF5-8765-71779B550EB6}.ConsoleDebug|Mixed Platforms.Build.0 = Debug|Any CPU
		{473F0174-B77C-4FF5-8765-71779B550EB6}.ConsoleDebug|x86.ActiveCfg = Debug|Any CPU
		{473F0174-B77C-4FF5-8765-71779B550EB6}.ConsoleDebug|x86.Build.0 = Debug|Any CPU
		{473F0174-B77C-4FF5-8765-71779B550EB6}.Debug|.NET.ActiveCfg = Debug|Any CPU
		{473F0174-B77C-4FF5-8765-71779B550EB6}.Debug|Any CPU.ActiveCfg = Debug|Any CPU
		{473F0174-B77C-4FF5-8765-71779B550EB6}.Debug|Any CPU.Build.0 = Debug|Any CPU
		{473F0174-B77C-4FF5-8765-71779B550EB6}.Debug|Mixed Platforms.ActiveCfg = Debug|Any CPU
		{473F0174-B77C-4FF5-8765-71779B550EB6}.Debug|Mixed Platforms.Build.0 = Debug|Any CPU
		{473F0174-B77C-4FF5-8765-71779B550EB6}.Debug|x86.ActiveCfg = Debug|Any CPU
		{473F0174-B77C-4FF5-8765-71779B550EB6}.Quick Debug|.NET.ActiveCfg = Debug|Any CPU
		{473F0174-B77C-4FF5-8765-71779B550EB6}.Quick Debug|Any CPU.ActiveCfg = Debug|Any CPU
		{473F0174-B77C-4FF5-8765-71779B550EB6}.Quick Debug|Any CPU.Build.0 = Debug|Any CPU
		{473F0174-B77C-4FF5-8765-71779B550EB6}.Quick Debug|Mixed Platforms.ActiveCfg = Debug|Any CPU
		{473F0174-B77C-4FF5-8765-71779B550EB6}.Quick Debug|Mixed Platforms.Build.0 = Debug|Any CPU
		{473F0174-B77C-4FF5-8765-71779B550EB6}.Quick Debug|x86.ActiveCfg = Debug|Any CPU
		{473F0174-B77C-4FF5-8765-71779B550EB6}.Release|.NET.ActiveCfg = Release|Any CPU
		{473F0174-B77C-4FF5-8765-71779B550EB6}.Release|Any CPU.ActiveCfg = Release|Any CPU
		{473F0174-B77C-4FF5-8765-71779B550EB6}.Release|Any CPU.Build.0 = Release|Any CPU
		{473F0174-B77C-4FF5-8765-71779B550EB6}.Release|Mixed Platforms.ActiveCfg = Release|Any CPU
		{473F0174-B77C-4FF5-8765-71779B550EB6}.Release|Mixed Platforms.Build.0 = Release|Any CPU
		{473F0174-B77C-4FF5-8765-71779B550EB6}.Release|x86.ActiveCfg = Release|Any CPU
		{A858B1E3-1ACF-4634-9AA2-76787317C83D}.ConsoleDebug|.NET.ActiveCfg = Debug|Any CPU
		{A858B1E3-1ACF-4634-9AA2-76787317C83D}.ConsoleDebug|.NET.Build.0 = Debug|Any CPU
		{A858B1E3-1ACF-4634-9AA2-76787317C83D}.ConsoleDebug|Any CPU.ActiveCfg = Debug|Any CPU
		{A858B1E3-1ACF-4634-9AA2-76787317C83D}.ConsoleDebug|Any CPU.Build.0 = Debug|Any CPU
		{A858B1E3-1ACF-4634-9AA2-76787317C83D}.ConsoleDebug|Mixed Platforms.ActiveCfg = Debug|Any CPU
		{A858B1E3-1ACF-4634-9AA2-76787317C83D}.ConsoleDebug|Mixed Platforms.Build.0 = Debug|Any CPU
		{A858B1E3-1ACF-4634-9AA2-76787317C83D}.ConsoleDebug|x86.ActiveCfg = Debug|Any CPU
		{A858B1E3-1ACF-4634-9AA2-76787317C83D}.ConsoleDebug|x86.Build.0 = Debug|Any CPU
		{A858B1E3-1ACF-4634-9AA2-76787317C83D}.Debug|.NET.ActiveCfg = Debug|Any CPU
		{A858B1E3-1ACF-4634-9AA2-76787317C83D}.Debug|Any CPU.ActiveCfg = Debug|Any CPU
		{A858B1E3-1ACF-4634-9AA2-76787317C83D}.Debug|Any CPU.Build.0 = Debug|Any CPU
		{A858B1E3-1ACF-4634-9AA2-76787317C83D}.Debug|Mixed Platforms.ActiveCfg = Debug|Any CPU
		{A858B1E3-1ACF-4634-9AA2-76787317C83D}.Debug|Mixed Platforms.Build.0 = Debug|Any CPU
		{A858B1E3-1ACF-4634-9AA2-76787317C83D}.Debug|x86.ActiveCfg = Debug|Any CPU
		{A858B1E3-1ACF-4634-9AA2-76787317C83D}.Quick Debug|.NET.ActiveCfg = Debug|Any CPU
		{A858B1E3-1ACF-4634-9AA2-76787317C83D}.Quick Debug|Any CPU.ActiveCfg = Debug|Any CPU
		{A858B1E3-1ACF-4634-9AA2-76787317C83D}.Quick Debug|Any CPU.Build.0 = Debug|Any CPU
		{A858B1E3-1ACF-4634-9AA2-76787317C83D}.Quick Debug|Mixed Platforms.ActiveCfg = Debug|Any CPU
		{A858B1E3-1ACF-4634-9AA2-76787317C83D}.Quick Debug|Mixed Platforms.Build.0 = Debug|Any CPU
		{A858B1E3-1ACF-4634-9AA2-76787317C83D}.Quick Debug|x86.ActiveCfg = Debug|Any CPU
		{A858B1E3-1ACF-4634-9AA2-76787317C83D}.Release|.NET.ActiveCfg = Release|Any CPU
		{A858B1E3-1ACF-4634-9AA2-76787317C83D}.Release|Any CPU.ActiveCfg = Release|Any CPU
		{A858B1E3-1ACF-4634-9AA2-76787317C83D}.Release|Any CPU.Build.0 = Release|Any CPU
		{A858B1E3-1ACF-4634-9AA2-76787317C83D}.Release|Mixed Platforms.ActiveCfg = Release|Any CPU
		{A858B1E3-1ACF-4634-9AA2-76787317C83D}.Release|Mixed Platforms.Build.0 = Release|Any CPU
		{A858B1E3-1ACF-4634-9AA2-76787317C83D}.Release|x86.ActiveCfg = Release|Any CPU
		{7A24C211-7B8F-4EED-BBD2-6FE0FD3E4104}.ConsoleDebug|.NET.ActiveCfg = Debug|Any CPU
		{7A24C211-7B8F-4EED-BBD2-6FE0FD3E4104}.ConsoleDebug|.NET.Build.0 = Debug|Any CPU
		{7A24C211-7B8F-4EED-BBD2-6FE0FD3E4104}.ConsoleDebug|Any CPU.ActiveCfg = Debug|Any CPU
		{7A24C211-7B8F-4EED-BBD2-6FE0FD3E4104}.ConsoleDebug|Any CPU.Build.0 = Debug|Any CPU
		{7A24C211-7B8F-4EED-BBD2-6FE0FD3E4104}.ConsoleDebug|Mixed Platforms.ActiveCfg = Debug|Any CPU
		{7A24C211-7B8F-4EED-BBD2-6FE0FD3E4104}.ConsoleDebug|Mixed Platforms.Build.0 = Debug|Any CPU
		{7A24C211-7B8F-4EED-BBD2-6FE0FD3E4104}.ConsoleDebug|x86.ActiveCfg = Debug|Any CPU
		{7A24C211-7B8F-4EED-BBD2-6FE0FD3E4104}.ConsoleDebug|x86.Build.0 = Debug|Any CPU
		{7A24C211-7B8F-4EED-BBD2-6FE0FD3E4104}.Debug|.NET.ActiveCfg = Debug|Any CPU
		{7A24C211-7B8F-4EED-BBD2-6FE0FD3E4104}.Debug|Any CPU.ActiveCfg = Debug|Any CPU
		{7A24C211-7B8F-4EED-BBD2-6FE0FD3E4104}.Debug|Any CPU.Build.0 = Debug|Any CPU
		{7A24C211-7B8F-4EED-BBD2-6FE0FD3E4104}.Debug|Mixed Platforms.ActiveCfg = Debug|Any CPU
		{7A24C211-7B8F-4EED-BBD2-6FE0FD3E4104}.Debug|Mixed Platforms.Build.0 = Debug|Any CPU
		{7A24C211-7B8F-4EED-BBD2-6FE0FD3E4104}.Debug|x86.ActiveCfg = Debug|Any CPU
		{7A24C211-7B8F-4EED-BBD2-6FE0FD3E4104}.Quick Debug|.NET.ActiveCfg = Debug|Any CPU
		{7A24C211-7B8F-4EED-BBD2-6FE0FD3E4104}.Quick Debug|Any CPU.ActiveCfg = Debug|Any CPU
		{7A24C211-7B8F-4EED-BBD2-6FE0FD3E4104}.Quick Debug|Any CPU.Build.0 = Debug|Any CPU
		{7A24C211-7B8F-4EED-BBD2-6FE0FD3E4104}.Quick Debug|Mixed Platforms.ActiveCfg = Debug|Any CPU
		{7A24C211-7B8F-4EED-BBD2-6FE0FD3E4104}.Quick Debug|Mixed Platforms.Build.0 = Debug|Any CPU
		{7A24C211-7B8F-4EED-BBD2-6FE0FD3E4104}.Quick Debug|x86.ActiveCfg = Debug|Any CPU
		{7A24C211-7B8F-4EED-BBD2-6FE0FD3E4104}.Release|.NET.ActiveCfg = Release|Any CPU
		{7A24C211-7B8F-4EED-BBD2-6FE0FD3E4104}.Release|Any CPU.ActiveCfg = Release|Any CPU
		{7A24C211-7B8F-4EED-BBD2-6FE0FD3E4104}.Release|Any CPU.Build.0 = Release|Any CPU
		{7A24C211-7B8F-4EED-BBD2-6FE0FD3E4104}.Release|Mixed Platforms.ActiveCfg = Release|Any CPU
		{7A24C211-7B8F-4EED-BBD2-6FE0FD3E4104}.Release|Mixed Platforms.Build.0 = Release|Any CPU
		{7A24C211-7B8F-4EED-BBD2-6FE0FD3E4104}.Release|x86.ActiveCfg = Release|Any CPU
		{8B313230-E94D-42F0-ADB1-F3060E00B9D7}.ConsoleDebug|.NET.ActiveCfg = ConsoleDebug|Any CPU
		{8B313230-E94D-42F0-ADB1-F3060E00B9D7}.ConsoleDebug|.NET.Build.0 = ConsoleDebug|Any CPU
		{8B313230-E94D-42F0-ADB1-F3060E00B9D7}.ConsoleDebug|Any CPU.ActiveCfg = ConsoleDebug|Any CPU
		{8B313230-E94D-42F0-ADB1-F3060E00B9D7}.ConsoleDebug|Any CPU.Build.0 = ConsoleDebug|Any CPU
		{8B313230-E94D-42F0-ADB1-F3060E00B9D7}.ConsoleDebug|Mixed Platforms.ActiveCfg = ConsoleDebug|Any CPU
		{8B313230-E94D-42F0-ADB1-F3060E00B9D7}.ConsoleDebug|Mixed Platforms.Build.0 = ConsoleDebug|Any CPU
		{8B313230-E94D-42F0-ADB1-F3060E00B9D7}.ConsoleDebug|x86.ActiveCfg = ConsoleDebug|Any CPU
		{8B313230-E94D-42F0-ADB1-F3060E00B9D7}.ConsoleDebug|x86.Build.0 = ConsoleDebug|Any CPU
		{8B313230-E94D-42F0-ADB1-F3060E00B9D7}.Debug|.NET.ActiveCfg = Debug|Any CPU
		{8B313230-E94D-42F0-ADB1-F3060E00B9D7}.Debug|.NET.Build.0 = Debug|Any CPU
		{8B313230-E94D-42F0-ADB1-F3060E00B9D7}.Debug|Any CPU.ActiveCfg = Debug|Any CPU
		{8B313230-E94D-42F0-ADB1-F3060E00B9D7}.Debug|Any CPU.Build.0 = Debug|Any CPU
		{8B313230-E94D-42F0-ADB1-F3060E00B9D7}.Debug|Mixed Platforms.ActiveCfg = Debug|Any CPU
		{8B313230-E94D-42F0-ADB1-F3060E00B9D7}.Debug|Mixed Platforms.Build.0 = Debug|Any CPU
		{8B313230-E94D-42F0-ADB1-F3060E00B9D7}.Debug|x86.ActiveCfg = Debug|Any CPU
		{8B313230-E94D-42F0-ADB1-F3060E00B9D7}.Debug|x86.Build.0 = Debug|Any CPU
		{8B313230-E94D-42F0-ADB1-F3060E00B9D7}.Quick Debug|.NET.ActiveCfg = Debug|Any CPU
		{8B313230-E94D-42F0-ADB1-F3060E00B9D7}.Quick Debug|.NET.Build.0 = Debug|Any CPU
		{8B313230-E94D-42F0-ADB1-F3060E00B9D7}.Quick Debug|Any CPU.ActiveCfg = Debug|Any CPU
		{8B313230-E94D-42F0-ADB1-F3060E00B9D7}.Quick Debug|Any CPU.Build.0 = Debug|Any CPU
		{8B313230-E94D-42F0-ADB1-F3060E00B9D7}.Quick Debug|Mixed Platforms.ActiveCfg = Debug|Any CPU
		{8B313230-E94D-42F0-ADB1-F3060E00B9D7}.Quick Debug|Mixed Platforms.Build.0 = Debug|Any CPU
		{8B313230-E94D-42F0-ADB1-F3060E00B9D7}.Quick Debug|x86.ActiveCfg = Debug|Any CPU
		{8B313230-E94D-42F0-ADB1-F3060E00B9D7}.Quick Debug|x86.Build.0 = Debug|Any CPU
		{8B313230-E94D-42F0-ADB1-F3060E00B9D7}.Release|.NET.ActiveCfg = Release|Any CPU
		{8B313230-E94D-42F0-ADB1-F3060E00B9D7}.Release|.NET.Build.0 = Release|Any CPU
		{8B313230-E94D-42F0-ADB1-F3060E00B9D7}.Release|Any CPU.ActiveCfg = Release|Any CPU
		{8B313230-E94D-42F0-ADB1-F3060E00B9D7}.Release|Any CPU.Build.0 = Release|Any CPU
		{8B313230-E94D-42F0-ADB1-F3060E00B9D7}.Release|Mixed Platforms.ActiveCfg = Release|Any CPU
		{8B313230-E94D-42F0-ADB1-F3060E00B9D7}.Release|Mixed Platforms.Build.0 = Release|Any CPU
		{8B313230-E94D-42F0-ADB1-F3060E00B9D7}.Release|x86.ActiveCfg = Release|Any CPU
		{8B313230-E94D-42F0-ADB1-F3060E00B9D7}.Release|x86.Build.0 = Release|Any CPU
		{AAC07319-DE70-4BA1-B891-469B81C2AF38}.ConsoleDebug|.NET.ActiveCfg = Debug|Any CPU
		{AAC07319-DE70-4BA1-B891-469B81C2AF38}.ConsoleDebug|.NET.Build.0 = Debug|Any CPU
		{AAC07319-DE70-4BA1-B891-469B81C2AF38}.ConsoleDebug|Any CPU.ActiveCfg = Debug|Any CPU
		{AAC07319-DE70-4BA1-B891-469B81C2AF38}.ConsoleDebug|Any CPU.Build.0 = Debug|Any CPU
		{AAC07319-DE70-4BA1-B891-469B81C2AF38}.ConsoleDebug|Mixed Platforms.ActiveCfg = Debug|Any CPU
		{AAC07319-DE70-4BA1-B891-469B81C2AF38}.ConsoleDebug|Mixed Platforms.Build.0 = Debug|Any CPU
		{AAC07319-DE70-4BA1-B891-469B81C2AF38}.ConsoleDebug|x86.ActiveCfg = Debug|Any CPU
		{AAC07319-DE70-4BA1-B891-469B81C2AF38}.ConsoleDebug|x86.Build.0 = Debug|Any CPU
		{AAC07319-DE70-4BA1-B891-469B81C2AF38}.Debug|.NET.ActiveCfg = Debug|Any CPU
		{AAC07319-DE70-4BA1-B891-469B81C2AF38}.Debug|.NET.Build.0 = Debug|Any CPU
		{AAC07319-DE70-4BA1-B891-469B81C2AF38}.Debug|Any CPU.ActiveCfg = Debug|Any CPU
		{AAC07319-DE70-4BA1-B891-469B81C2AF38}.Debug|Any CPU.Build.0 = Debug|Any CPU
		{AAC07319-DE70-4BA1-B891-469B81C2AF38}.Debug|Mixed Platforms.ActiveCfg = Debug|Any CPU
		{AAC07319-DE70-4BA1-B891-469B81C2AF38}.Debug|Mixed Platforms.Build.0 = Debug|Any CPU
		{AAC07319-DE70-4BA1-B891-469B81C2AF38}.Debug|x86.ActiveCfg = Debug|Any CPU
		{AAC07319-DE70-4BA1-B891-469B81C2AF38}.Debug|x86.Build.0 = Debug|Any CPU
		{AAC07319-DE70-4BA1-B891-469B81C2AF38}.Quick Debug|.NET.ActiveCfg = Debug|Any CPU
		{AAC07319-DE70-4BA1-B891-469B81C2AF38}.Quick Debug|.NET.Build.0 = Debug|Any CPU
		{AAC07319-DE70-4BA1-B891-469B81C2AF38}.Quick Debug|Any CPU.ActiveCfg = Debug|Any CPU
		{AAC07319-DE70-4BA1-B891-469B81C2AF38}.Quick Debug|Any CPU.Build.0 = Debug|Any CPU
		{AAC07319-DE70-4BA1-B891-469B81C2AF38}.Quick Debug|Mixed Platforms.ActiveCfg = Debug|Any CPU
		{AAC07319-DE70-4BA1-B891-469B81C2AF38}.Quick Debug|Mixed Platforms.Build.0 = Debug|Any CPU
		{AAC07319-DE70-4BA1-B891-469B81C2AF38}.Quick Debug|x86.ActiveCfg = Debug|Any CPU
		{AAC07319-DE70-4BA1-B891-469B81C2AF38}.Quick Debug|x86.Build.0 = Debug|Any CPU
		{AAC07319-DE70-4BA1-B891-469B81C2AF38}.Release|.NET.ActiveCfg = Release|Any CPU
		{AAC07319-DE70-4BA1-B891-469B81C2AF38}.Release|.NET.Build.0 = Release|Any CPU
		{AAC07319-DE70-4BA1-B891-469B81C2AF38}.Release|Any CPU.ActiveCfg = Release|Any CPU
		{AAC07319-DE70-4BA1-B891-469B81C2AF38}.Release|Any CPU.Build.0 = Release|Any CPU
		{AAC07319-DE70-4BA1-B891-469B81C2AF38}.Release|Mixed Platforms.ActiveCfg = Release|Any CPU
		{AAC07319-DE70-4BA1-B891-469B81C2AF38}.Release|Mixed Platforms.Build.0 = Release|Any CPU
		{AAC07319-DE70-4BA1-B891-469B81C2AF38}.Release|x86.ActiveCfg = Release|Any CPU
		{AAC07319-DE70-4BA1-B891-469B81C2AF38}.Release|x86.Build.0 = Release|Any CPU
	EndGlobalSection
	GlobalSection(SolutionProperties) = preSolution
		HideSolutionNode = FALSE
	EndGlobalSection
EndGlobal
